version = 1
revision = 3
requires-python = ">=3.13"

[[package]]
name = "plumbum"
version = "2.0.2"
source = { registry = "https://pypi.org/simple" }
sdist = { url = "https://files.pythonhosted.org/packages/6c/d2/578712a979a50e9aba08ea173a38e7598461130d3c9899f176373bc03280/plumbum-2.0.2.tar.gz", hash = "sha256:233751d7819c9e6743ec1c2405927eb4fa52a284c7b894bd10e28106a9309a92", size = 390799, upload-time = "2026-07-22T04:13:12.157Z" }
wheels = [
    { url = "https://files.pythonhosted.org/packages/b5/55/fdd01894807d20fb6181f13590ae247585b10e909b42e6ada833379fe520/plumbum-2.0.2-py3-none-any.whl", hash = "sha256:a865771826c1d2cce0ca8b2a2c48aa0447ed7a518859e389a95f158e9c369547", size = 168804, upload-time = "2026-07-22T04:13:10.76Z" },
]

[[package]]
name = "redis"
version = "8.1.0"
source = { registry = "https://pypi.org/simple" }
sdist = { url = "https://files.pythonhosted.org/packages/a8/99/604f0b666d4c616d891cf77ebb9db6bb21601344c051aebf1b72b9ff915f/redis-8.1.0.tar.gz", hash = "sha256:6e1a19beef9225c83efd689c7e6b7da2d5215b1f42cd13b7fc3714d0a09c7b25", size = 5254356, upload-time = "2026-07-30T08:51:00.269Z" }
wheels = [
    { url = "https://files.pythonhosted.org/packages/66/9d/c5731f6e3608663d4d3656fd8d3aecee8b509c3082818f5a13eae925baea/redis-8.1.0-py3-none-any.whl", hash = "sha256:a4fe1aac3d3b3cc791d4b3d5931c5a956045dc951ee74d1c913ee3ac4d2ee9fb", size = 560618, upload-time = "2026-07-30T08:50:58.497Z" },
]

[[package]]
name = "rpyc"
version = "6.0.2"
source = { registry = "https://pypi.org/simple" }
dependencies = [
    { name = "plumbum" },
]
sdist = { url = "https://files.pythonhosted.org/packages/8b/e7/1c17410673b634f4658bb5d2232d0c4507432a97508b2c6708e59481644a/rpyc-6.0.2.tar.gz", hash = "sha256:8e780a6a71b842128a80a337c64adfb6f919014e069951832161c9efc630c93b", size = 62321, upload-time = "2025-04-18T16:33:21.693Z" }
wheels = [
    { url = "https://files.pythonhosted.org/packages/3f/99/2e119d541d596daea39643eb9312b47c7847383951300f889166938035b1/rpyc-6.0.2-py3-none-any.whl", hash = "sha256:8072308ad30725bc281c42c011fc8c922be15f3eeda6eafb2917cafe1b6f00ec", size = 74768, upload-time = "2025-04-18T16:33:20.147Z" },
]

[[package]]
name = "word-count"
version = "0.1.0"
source = { virtual = "." }
dependencies = [
    { name = "redis" },
    { name = "rpyc" },
]

[package.metadata]
requires-dist = [
    { name = "redis", specifier = ">=8.1.0" },
    { name = "rpyc", specifier = ">=6.0.2" },
]
